{
  "name": "practice",
  "version": "1.0.0",
  "lockfileVersion": 1,
  "requires": true,
  "dependencies": {
    "@types/underscore": {
      "version": "1.10.0",
      "resolved": "https://registry.npm.taobao.org/@types/underscore/download/@types/underscore-1.10.0.tgz",
      "integrity": "sha1-XLDf8qX2FvyODGG0gr8B+iCgPOw="
    },
    "underscore": {
      "version": "1.10.2",
      "resolved": "https://registry.npm.taobao.org/underscore/download/underscore-1.10.2.tgz",
      "integrity": "sha1-c9aqNmjzGI5K2w8ZQ70Sz9fvqq8="
    }
  }
}
